
Microsoft Visual Studio Solution File, Format Version 12.00
# Visual Studio Version 16
VisualStudioVersion = 16.0.33801.447
MinimumVisualStudioVersion = 10.0.40219.1
Project("{FAE04EC0-301F-11D3-BF4B-00C04F79EFBC}") = "MvcOnlineTicariOtomasyon", "MvcOnlineTicariOtomasyon\MvcOnlineTicariOtomasyon.csproj", "{8A7CACAF-943F-4503-B7CF-83132130C778}"
EndProject
Global
	GlobalSection(SolutionConfigurationPlatforms) = preSolution
		Debug|Any CPU = Debug|Any CPU
		Release|Any CPU = Release|Any CPU
	EndGlobalSection
	GlobalSection(ProjectConfigurationPlatforms) = postSolution
		{8A7CACAF-943F-4503-B7CF-83132130C778}.Debug|Any CPU.ActiveCfg = Debug|Any CPU
		{8A7CACAF-943F-4503-B7CF-83132130C778}.Debug|Any CPU.Build.0 = Debug|Any CPU
		{8A7CACAF-943F-4503-B7CF-83132130C778}.Release|Any CPU.ActiveCfg = Release|Any CPU
		{8A7CACAF-943F-4503-B7CF-83132130C778}.Release|Any CPU.Build.0 = Release|Any CPU
	EndGlobalSection
	GlobalSection(SolutionProperties) = preSolution
		HideSolutionNode = FALSE
	EndGlobalSection
	GlobalSection(ExtensibilityGlobals) = postSolution
		SolutionGuid = {7E282D5C-11D4-4A82-820C-CF325966A6CC}
	EndGlobalSection
EndGlobal
